
Microsoft Visual Studio Solution File, Format Version 12.00
# Visual Studio Version 17
VisualStudioVersion = 17.11.35303.130
MinimumVisualStudioVersion = 10.0.40219.1
Project("{9A19103F-16F7-4668-BE54-9A1E7A4F7556}") = "DristLauncher4", "DristLauncher4\DristLauncher4.csproj", "{4E065FF0-5D4B-4332-A24F-F73A9DA75DBD}"
EndProject
Global
	GlobalSection(SolutionConfigurationPlatforms) = preSolution
		Debug|Any CPU = Debug|Any CPU
		Release|Any CPU = Release|Any CPU
	EndGlobalSection
	GlobalSection(ProjectConfigurationPlatforms) = postSolution
		{4E065FF0-5D4B-4332-A24F-F73A9DA75DBD}.Debug|Any CPU.ActiveCfg = Debug|Any CPU
		{4E065FF0-5D4B-4332-A24F-F73A9DA75DBD}.Debug|Any CPU.Build.0 = Debug|Any CPU
		{4E065FF0-5D4B-4332-A24F-F73A9DA75DBD}.Release|Any CPU.ActiveCfg = Release|Any CPU
		{4E065FF0-5D4B-4332-A24F-F73A9DA75DBD}.Release|Any CPU.Build.0 = Release|Any CPU
	EndGlobalSection
	GlobalSection(SolutionProperties) = preSolution
		HideSolutionNode = FALSE
	EndGlobalSection
	GlobalSection(ExtensibilityGlobals) = postSolution
		SolutionGuid = {7C169128-7316-49C4-8F74-59BC86B698CD}
	EndGlobalSection
EndGlobal
